// !$*UTF8*$!
{
	archiveVersion = 1;
	classes = {
	};
	objectVersion = 56;
	objects = {

/* Begin PBXBuildFile section */
		6812CBC32BB07D68001018C4 /* Exercise.swift in Sources */ = {isa = PBXBuildFile; fileRef = 6812CBC22BB07D68001018C4 /* Exercise.swift */; };
		68B016502BAFBD5A00DE9CD4 /* HealthDietApp.swift in Sources */ = {isa = PBXBuildFile; fileRef = 68B0164F2BAFBD5A00DE9CD4 /* HealthDietApp.swift */; };
		68B016522BAFBD5A00DE9CD4 /* ContentView.swift in Sources */ = {isa = PBXBuildFile; fileRef = 68B016512BAFBD5A00DE9CD4 /* ContentView.swift */; };
		68B016542BAFBD5B00DE9CD4 /* Assets.xcassets in Resources */ = {isa = PBXBuildFile; fileRef = 68B016532BAFBD5B00DE9CD4 /* Assets.xcassets */; };
		68B016572BAFBD5B00DE9CD4 /* Preview Assets.xcassets in Resources */ = {isa = PBXBuildFile; fileRef = 68B016562BAFBD5B00DE9CD4 /* Preview Assets.xcassets */; };
		68B0167B2BAFBDCE00DE9CD4 /* Home.swift in Sources */ = {isa = PBXBuildFile; fileRef = 68B0167A2BAFBDCE00DE9CD4 /* Home.swift */; };
		68B0167D2BAFBDD900DE9CD4 /* Profile.swift in Sources */ = {isa = PBXBuildFile; fileRef = 68B0167C2BAFBDD900DE9CD4 /* Profile.swift */; };
		68B0167F2BAFBDEB00DE9CD4 /* Settings.swift in Sources */ = {isa = PBXBuildFile; fileRef = 68B0167E2BAFBDEB00DE9CD4 /* Settings.swift */; };
		68B016822BB062EA00DE9CD4 /* InputCalories.swift in Sources */ = {isa = PBXBuildFile; fileRef = 68B016812BB062EA00DE9CD4 /* InputCalories.swift */; };
		68B016842BB062F800DE9CD4 /* FoodItemsManager.swift in Sources */ = {isa = PBXBuildFile; fileRef = 68B016832BB062F800DE9CD4 /* FoodItemsManager.swift */; };
		68B016892BB0703300DE9CD4 /* AboutMe.swift in Sources */ = {isa = PBXBuildFile; fileRef = 68B016882BB0703300DE9CD4 /* AboutMe.swift */; };
		68B0168B2BB0704000DE9CD4 /* PrivacyPolicy.swift in Sources */ = {isa = PBXBuildFile; fileRef = 68B0168A2BB0704000DE9CD4 /* PrivacyPolicy.swift */; };
/* End PBXBuildFile section */

/* Begin PBXContainerItemProxy section */
		68B0165D2BAFBD5B00DE9CD4 /* PBXContainerItemProxy */ = {
			isa = PBXContainerItemProxy;
			containerPortal = 68B016442BAFBD5A00DE9CD4 /* Project object */;
			proxyType = 1;
			remoteGlobalIDString = 68B0164B2BAFBD5A00DE9CD4;
			remoteInfo = HealthDietApp;
		};
		68B016672BAFBD5B00DE9CD4 /* PBXContainerItemProxy */ = {
			isa = PBXContainerItemProxy;
			containerPortal = 68B016442BAFBD5A00DE9CD4 /* Project object */;
			proxyType = 1;
			remoteGlobalIDString = 68B0164B2BAFBD5A00DE9CD4;
			remoteInfo = HealthDietApp;
		};
/* End PBXContainerItemProxy section */

/* Begin PBXFileReference section */
		6812CBC22BB07D68001018C4 /* Exercise.swift */ = {isa = PBXFileReference; lastKnownFileType = sourcecode.swift; path = Exercise.swift; sourceTree = "<group>"; };
		68B0164C2BAFBD5A00DE9CD4 /* HealthDietApp.app */ = {isa = PBXFileReference; explicitFileType = wrapper.application; includeInIndex = 0; path = HealthDietApp.app; sourceTree = BUILT_PRODUCTS_DIR; };
		68B0164F2BAFBD5A00DE9CD4 /* HealthDietApp.swift */ = {isa = PBXFileReference; lastKnownFileType = sourcecode.swift; path = HealthDietApp.swift; sourceTree = "<group>"; };
		68B016512BAFBD5A00DE9CD4 /* ContentView.swift */ = {isa = PBXFileReference; lastKnownFileType = sourcecode.swift; path = ContentView.swift; sourceTree = "<group>"; };
		68B016532BAFBD5B00DE9CD4 /* Assets.xcassets */ = {isa = PBXFileReference; lastKnownFileType = folder.assetcatalog; path = Assets.xcassets; sourceTree = "<group>"; };
		68B016562BAFBD5B00DE9CD4 /* Preview Assets.xcassets */ = {isa = PBXFileReference; lastKnownFileType = folder.assetcatalog; path = "Preview Assets.xcassets"; sourceTree = "<group>"; };
		68B0165C2BAFBD5B00DE9CD4 /* HealthDietAppTests.xctest */ = {isa = PBXFileReference; explicitFileType = wrapper.cfbundle; includeInIndex = 0; path = HealthDietAppTests.xctest; sourceTree = BUILT_PRODUCTS_DIR; };
		68B016662BAFBD5B00DE9CD4 /* HealthDietAppUITests.xctest */ = {isa = PBXFileReference; explicitFileType = wrapper.cfbundle; includeInIndex = 0; path = HealthDietAppUITests.xctest; sourceTree = BUILT_PRODUCTS_DIR; };
		68B0167A2BAFBDCE00DE9CD4 /* Home.swift */ = {isa = PBXFileReference; lastKnownFileType = sourcecode.swift; path = Home.swift; sourceTree = "<group>"; };
		68B0167C2BAFBDD900DE9CD4 /* Profile.swift */ = {isa = PBXFileReference; lastKnownFileType = sourcecode.swift; path = Profile.swift; sourceTree = "<group>"; };
		68B0167E2BAFBDEB00DE9CD4 /* Settings.swift */ = {isa = PBXFileReference; lastKnownFileType = sourcecode.swift; path = Settings.swift; sourceTree = "<group>"; };
		68B016802BB05FB800DE9CD4 /* Info.plist */ = {isa = PBXFileReference; lastKnownFileType = text.plist; path = Info.plist; sourceTree = "<group>"; };
		68B016812BB062EA00DE9CD4 /* InputCalories.swift */ = {isa = PBXFileReference; lastKnownFileType = sourcecode.swift; path = InputCalories.swift; sourceTree = "<group>"; };
		68B016832BB062F800DE9CD4 /* FoodItemsManager.swift */ = {isa = PBXFileReference; lastKnownFileType = sourcecode.swift; path = FoodItemsManager.swift; sourceTree = "<group>"; };
		68B016882BB0703300DE9CD4 /* AboutMe.swift */ = {isa = PBXFileReference; lastKnownFileType = sourcecode.swift; path = AboutMe.swift; sourceTree = "<group>"; };
		68B0168A2BB0704000DE9CD4 /* PrivacyPolicy.swift */ = {isa = PBXFileReference; lastKnownFileType = sourcecode.swift; path = PrivacyPolicy.swift; sourceTree = "<group>"; };
		68B0168C2BB0755800DE9CD4 /* HealthDietApp.entitlements */ = {isa = PBXFileReference; lastKnownFileType = text.plist.entitlements; path = HealthDietApp.entitlements; sourceTree = "<group>"; };
/* End PBXFileReference section */

/* Begin PBXFrameworksBuildPhase section */
		68B016492BAFBD5A00DE9CD4 /* Frameworks */ = {
			isa = PBXFrameworksBuildPhase;
			buildActionMask = 2147483647;
			files = (
			);
			runOnlyForDeploymentPostprocessing = 0;
		};
		68B016592BAFBD5B00DE9CD4 /* Frameworks */ = {
			isa = PBXFrameworksBuildPhase;
			buildActionMask = 2147483647;
			files = (
			);
			runOnlyForDeploymentPostprocessing = 0;
		};
		68B016632BAFBD5B00DE9CD4 /* Frameworks */ = {
			isa = PBXFrameworksBuildPhase;
			buildActionMask = 2147483647;
			files = (
			);
			runOnlyForDeploymentPostprocessing = 0;
		};
/* End PBXFrameworksBuildPhase section */

/* Begin PBXGroup section */
		68B016432BAFBD5A00DE9CD4 = {
			isa = PBXGroup;
			children = (
				68B0164E2BAFBD5A00DE9CD4 /* HealthDietApp */,
				68B0164D2BAFBD5A00DE9CD4 /* Products */,
			);
			sourceTree = "<group>";
		};
		68B0164D2BAFBD5A00DE9CD4 /* Products */ = {
			isa = PBXGroup;
			children = (
				68B0164C2BAFBD5A00DE9CD4 /* HealthDietApp.app */,
				68B0165C2BAFBD5B00DE9CD4 /* HealthDietAppTests.xctest */,
				68B016662BAFBD5B00DE9CD4 /* HealthDietAppUITests.xctest */,
			);
			name = Products;
			sourceTree = "<group>";
		};
		68B0164E2BAFBD5A00DE9CD4 /* HealthDietApp */ = {
			isa = PBXGroup;
			children = (
				68B0168C2BB0755800DE9CD4 /* HealthDietApp.entitlements */,
				68B016802BB05FB800DE9CD4 /* Info.plist */,
				68B0164F2BAFBD5A00DE9CD4 /* HealthDietApp.swift */,
				68B016872BB0701000DE9CD4 /* Settings */,
				68B016852BB06FEF00DE9CD4 /* Home */,
				68B016792BAFBDAA00DE9CD4 /* MenuBar */,
				68B016512BAFBD5A00DE9CD4 /* ContentView.swift */,
				68B016532BAFBD5B00DE9CD4 /* Assets.xcassets */,
				68B016552BAFBD5B00DE9CD4 /* Preview Content */,
			);
			path = HealthDietApp;
			sourceTree = "<group>";
		};
		68B016552BAFBD5B00DE9CD4 /* Preview Content */ = {
			isa = PBXGroup;
			children = (
				68B016562BAFBD5B00DE9CD4 /* Preview Assets.xcassets */,
			);
			path = "Preview Content";
			sourceTree = "<group>";
		};
		68B016792BAFBDAA00DE9CD4 /* MenuBar */ = {
			isa = PBXGroup;
			children = (
				68B0167A2BAFBDCE00DE9CD4 /* Home.swift */,
				68B0167C2BAFBDD900DE9CD4 /* Profile.swift */,
				68B0167E2BAFBDEB00DE9CD4 /* Settings.swift */,
			);
			path = MenuBar;
			sourceTree = "<group>";
		};
		68B016852BB06FEF00DE9CD4 /* Home */ = {
			isa = PBXGroup;
			children = (
				68B016832BB062F800DE9CD4 /* FoodItemsManager.swift */,
				68B016812BB062EA00DE9CD4 /* InputCalories.swift */,
				6812CBC22BB07D68001018C4 /* Exercise.swift */,
			);
			path = Home;
			sourceTree = "<group>";
		};
		68B016872BB0701000DE9CD4 /* Settings */ = {
			isa = PBXGroup;
			children = (
				68B016882BB0703300DE9CD4 /* AboutMe.swift */,
				68B0168A2BB0704000DE9CD4 /* PrivacyPolicy.swift */,
			);
			path = Settings;
			sourceTree = "<group>";
		};
/* End PBXGroup section */

/* Begin PBXNativeTarget section */
		68B0164B2BAFBD5A00DE9CD4 /* HealthDietApp */ = {
			isa = PBXNativeTarget;
			buildConfigurationList = 68B016702BAFBD5B00DE9CD4 /* Build configuration list for PBXNativeTarget "HealthDietApp" */;
			buildPhases = (
				68B016482BAFBD5A00DE9CD4 /* Sources */,
				68B016492BAFBD5A00DE9CD4 /* Frameworks */,
				68B0164A2BAFBD5A00DE9CD4 /* Resources */,
			);
			buildRules = (
			);
			dependencies = (
			);
			name = HealthDietApp;
			productName = HealthDietApp;
			productReference = 68B0164C2BAFBD5A00DE9CD4 /* HealthDietApp.app */;
			productType = "com.apple.product-type.application";
		};
		68B0165B2BAFBD5B00DE9CD4 /* HealthDietAppTests */ = {
			isa = PBXNativeTarget;
			buildConfigurationList = 68B016732BAFBD5B00DE9CD4 /* Build configuration list for PBXNativeTarget "HealthDietAppTests" */;
			buildPhases = (
				68B016582BAFBD5B00DE9CD4 /* Sources */,
				68B016592BAFBD5B00DE9CD4 /* Frameworks */,
				68B0165A2BAFBD5B00DE9CD4 /* Resources */,
			);
			buildRules = (
			);
			dependencies = (
				68B0165E2BAFBD5B00DE9CD4 /* PBXTargetDependency */,
			);
			name = HealthDietAppTests;
			productName = HealthDietAppTests;
			productReference = 68B0165C2BAFBD5B00DE9CD4 /* HealthDietAppTests.xctest */;
			productType = "com.apple.product-type.bundle.unit-test";
		};
		68B016652BAFBD5B00DE9CD4 /* HealthDietAppUITests */ = {
			isa = PBXNativeTarget;
			buildConfigurationList = 68B016762BAFBD5B00DE9CD4 /* Build configuration list for PBXNativeTarget "HealthDietAppUITests" */;
			buildPhases = (
				68B016622BAFBD5B00DE9CD4 /* Sources */,
				68B016632BAFBD5B00DE9CD4 /* Frameworks */,
				68B016642BAFBD5B00DE9CD4 /* Resources */,
			);
			buildRules = (
			);
			dependencies = (
				68B016682BAFBD5B00DE9CD4 /* PBXTargetDependency */,
			);
			name = HealthDietAppUITests;
			productName = HealthDietAppUITests;
			productReference = 68B016662BAFBD5B00DE9CD4 /* HealthDietAppUITests.xctest */;
			productType = "com.apple.product-type.bundle.ui-testing";
		};
/* End PBXNativeTarget section */

/* Begin PBXProject section */
		68B016442BAFBD5A00DE9CD4 /* Project object */ = {
			isa = PBXProject;
			attributes = {
				BuildIndependentTargetsInParallel = 1;
				LastSwiftUpdateCheck = 1500;
				LastUpgradeCheck = 1500;
				TargetAttributes = {
					68B0164B2BAFBD5A00DE9CD4 = {
						CreatedOnToolsVersion = 15.0;
					};
					68B0165B2BAFBD5B00DE9CD4 = {
						CreatedOnToolsVersion = 15.0;
						TestTargetID = 68B0164B2BAFBD5A00DE9CD4;
					};
					68B016652BAFBD5B00DE9CD4 = {
						CreatedOnToolsVersion = 15.0;
						TestTargetID = 68B0164B2BAFBD5A00DE9CD4;
					};
				};
			};
			buildConfigurationList = 68B016472BAFBD5A00DE9CD4 /* Build configuration list for PBXProject "HealthDietApp" */;
			compatibilityVersion = "Xcode 14.0";
			developmentRegion = en;
			hasScannedForEncodings = 0;
			knownRegions = (
				en,
				Base,
			);
			mainGroup = 68B016432BAFBD5A00DE9CD4;
			productRefGroup = 68B0164D2BAFBD5A00DE9CD4 /* Products */;
			projectDirPath = "";
			projectRoot = "";
			targets = (
				68B0164B2BAFBD5A00DE9CD4 /* HealthDietApp */,
				68B0165B2BAFBD5B00DE9CD4 /* HealthDietAppTests */,
				68B016652BAFBD5B00DE9CD4 /* HealthDietAppUITests */,
			);
		};
/* End PBXProject section */

/* Begin PBXResourcesBuildPhase section */
		68B0164A2BAFBD5A00DE9CD4 /* Resources */ = {
			isa = PBXResourcesBuildPhase;
			buildActionMask = 2147483647;
			files = (
				68B016572BAFBD5B00DE9CD4 /* Preview Assets.xcassets in Resources */,
				68B016542BAFBD5B00DE9CD4 /* Assets.xcassets in Resources */,
			);
			runOnlyForDeploymentPostprocessing = 0;
		};
		68B0165A2BAFBD5B00DE9CD4 /* Resources */ = {
			isa = PBXResourcesBuildPhase;
			buildActionMask = 2147483647;
			files = (
			);
			runOnlyForDeploymentPostprocessing = 0;
		};
		68B016642BAFBD5B00DE9CD4 /* Resources */ = {
			isa = PBXResourcesBuildPhase;
			buildActionMask = 2147483647;
			files = (
			);
			runOnlyForDeploymentPostprocessing = 0;
		};
/* End PBXResourcesBuildPhase section */

/* Begin PBXSourcesBuildPhase section */
		68B016482BAFBD5A00DE9CD4 /* Sources */ = {
			isa = PBXSourcesBuildPhase;
			buildActionMask = 2147483647;
			files = (
				68B016522BAFBD5A00DE9CD4 /* ContentView.swift in Sources */,
				68B0168B2BB0704000DE9CD4 /* PrivacyPolicy.swift in Sources */,
				68B0167D2BAFBDD900DE9CD4 /* Profile.swift in Sources */,
				68B016842BB062F800DE9CD4 /* FoodItemsManager.swift in Sources */,
				68B016822BB062EA00DE9CD4 /* InputCalories.swift in Sources */,
				6812CBC32BB07D68001018C4 /* Exercise.swift in Sources */,
				68B0167B2BAFBDCE00DE9CD4 /* Home.swift in Sources */,
				68B016892BB0703300DE9CD4 /* AboutMe.swift in Sources */,
				68B016502BAFBD5A00DE9CD4 /* HealthDietApp.swift in Sources */,
				68B0167F2BAFBDEB00DE9CD4 /* Settings.swift in Sources */,
			);
			runOnlyForDeploymentPostprocessing = 0;
		};
		68B016582BAFBD5B00DE9CD4 /* Sources */ = {
			isa = PBXSourcesBuildPhase;
			buildActionMask = 2147483647;
			files = (
			);
			runOnlyForDeploymentPostprocessing = 0;
		};
		68B016622BAFBD5B00DE9CD4 /* Sources */ = {
			isa = PBXSourcesBuildPhase;
			buildActionMask = 2147483647;
			files = (
			);
			runOnlyForDeploymentPostprocessing = 0;
		};
/* End PBXSourcesBuildPhase section */

/* Begin PBXTargetDependency section */
		68B0165E2BAFBD5B00DE9CD4 /* PBXTargetDependency */ = {
			isa = PBXTargetDependency;
			target = 68B0164B2BAFBD5A00DE9CD4 /* HealthDietApp */;
			targetProxy = 68B0165D2BAFBD5B00DE9CD4 /* PBXContainerItemProxy */;
		};
		68B016682BAFBD5B00DE9CD4 /* PBXTargetDependency */ = {
			isa = PBXTargetDependency;
			target = 68B0164B2BAFBD5A00DE9CD4 /* HealthDietApp */;
			targetProxy = 68B016672BAFBD5B00DE9CD4 /* PBXContainerItemProxy */;
		};
/* End PBXTargetDependency section */

/* Begin XCBuildConfiguration section */
		68B0166E2BAFBD5B00DE9CD4 /* Debug */ = {
			isa = XCBuildConfiguration;
			buildSettings = {
				ALWAYS_SEARCH_USER_PATHS = NO;
				ASSETCATALOG_COMPILER_GENERATE_SWIFT_ASSET_SYMBOL_EXTENSIONS = YES;
				CLANG_ANALYZER_NONNULL = YES;
				CLANG_ANALYZER_NUMBER_OBJECT_CONVERSION = YES_AGGRESSIVE;
				CLANG_CXX_LANGUAGE_STANDARD = "gnu++20";
				CLANG_ENABLE_MODULES = YES;
				CLANG_ENABLE_OBJC_ARC = YES;
				CLANG_ENABLE_OBJC_WEAK = YES;
				CLANG_WARN_BLOCK_CAPTURE_AUTORELEASING = YES;
				CLANG_WARN_BOOL_CONVERSION = YES;
				CLANG_WARN_COMMA = YES;
				CLANG_WARN_CONSTANT_CONVERSION = YES;
				CLANG_WARN_DEPRECATED_OBJC_IMPLEMENTATIONS = YES;
				CLANG_WARN_DIRECT_OBJC_ISA_USAGE = YES_ERROR;
				CLANG_WARN_DOCUMENTATION_COMMENTS = YES;
				CLANG_WARN_EMPTY_BODY = YES;
				CLANG_WARN_ENUM_CONVERSION = YES;
				CLANG_WARN_INFINITE_RECURSION = YES;
				CLANG_WARN_INT_CONVERSION = YES;
				CLANG_WARN_NON_LITERAL_NULL_CONVERSION = YES;
				CLANG_WARN_OBJC_IMPLICIT_RETAIN_SELF = YES;
				CLANG_WARN_OBJC_LITERAL_CONVERSION = YES;
				CLANG_WARN_OBJC_ROOT_CLASS = YES_ERROR;
				CLANG_WARN_QUOTED_INCLUDE_IN_FRAMEWORK_HEADER = YES;
				CLANG_WARN_RANGE_LOOP_ANALYSIS = YES;
				CLANG_WARN_STRICT_PROTOTYPES = YES;
				CLANG_WARN_SUSPICIOUS_MOVE = YES;
				CLANG_WARN_UNGUARDED_AVAILABILITY = YES_AGGRESSIVE;
				CLANG_WARN_UNREACHABLE_CODE = YES;
				CLANG_WARN__DUPLICATE_METHOD_MATCH = YES;
				COPY_PHASE_STRIP = NO;
				DEBUG_INFORMATION_FORMAT = dwarf;
				ENABLE_STRICT_OBJC_MSGSEND = YES;
				ENABLE_TESTABILITY = YES;
				ENABLE_USER_SCRIPT_SANDBOXING = YES;
				GCC_C_LANGUAGE_STANDARD = gnu17;
				GCC_DYNAMIC_NO_PIC = NO;
				GCC_NO_COMMON_BLOCKS = YES;
				GCC_OPTIMIZATION_LEVEL = 0;
				GCC_PREPROCESSOR_DEFINITIONS = (
					"DEBUG=1",
					"$(inherited)",
				);
				GCC_WARN_64_TO_32_BIT_CONVERSION = YES;
				GCC_WARN_ABOUT_RETURN_TYPE = YES_ERROR;
				GCC_WARN_UNDECLARED_SELECTOR = YES;
				GCC_WARN_UNINITIALIZED_AUTOS = YES_AGGRESSIVE;
				GCC_WARN_UNUSED_FUNCTION = YES;
				GCC_WARN_UNUSED_VARIABLE = YES;
				IPHONEOS_DEPLOYMENT_TARGET = 17.0;
				LOCALIZATION_PREFERS_STRING_CATALOGS = YES;
				MTL_ENABLE_DEBUG_INFO = INCLUDE_SOURCE;
				MTL_FAST_MATH = YES;
				ONLY_ACTIVE_ARCH = YES;
				SDKROOT = iphoneos;
				SWIFT_ACTIVE_COMPILATION_CONDITIONS = "DEBUG $(inherited)";
				SWIFT_OPTIMIZATION_LEVEL = "-Onone";
			};
			name = Debug;
		};
		68B0166F2BAFBD5B00DE9CD4 /* Release */ = {
			isa = XCBuildConfiguration;
			buildSettings = {
				ALWAYS_SEARCH_USER_PATHS = NO;
				ASSETCATALOG_COMPILER_GENERATE_SWIFT_ASSET_SYMBOL_EXTENSIONS = YES;
				CLANG_ANALYZER_NONNULL = YES;
				CLANG_ANALYZER_NUMBER_OBJECT_CONVERSION = YES_AGGRESSIVE;
				CLANG_CXX_LANGUAGE_STANDARD = "gnu++20";
				CLANG_ENABLE_MODULES = YES;
				CLANG_ENABLE_OBJC_ARC = YES;
				CLANG_ENABLE_OBJC_WEAK = YES;
				CLANG_WARN_BLOCK_CAPTURE_AUTORELEASING = YES;
				CLANG_WARN_BOOL_CONVERSION = YES;
				CLANG_WARN_COMMA = YES;
				CLANG_WARN_CONSTANT_CONVERSION = YES;
				CLANG_WARN_DEPRECATED_OBJC_IMPLEMENTATIONS = YES;
				CLANG_WARN_DIRECT_OBJC_ISA_USAGE = YES_ERROR;
				CLANG_WARN_DOCUMENTATION_COMMENTS = YES;
				CLANG_WARN_EMPTY_BODY = YES;
				CLANG_WARN_ENUM_CONVERSION = YES;
				CLANG_WARN_INFINITE_RECURSION = YES;
				CLANG_WARN_INT_CONVERSION = YES;
				CLANG_WARN_NON_LITERAL_NULL_CONVERSION = YES;
				CLANG_WARN_OBJC_IMPLICIT_RETAIN_SELF = YES;
				CLANG_WARN_OBJC_LITERAL_CONVERSION = YES;
				CLANG_WARN_OBJC_ROOT_CLASS = YES_ERROR;
				CLANG_WARN_QUOTED_INCLUDE_IN_FRAMEWORK_HEADER = YES;
				CLANG_WARN_RANGE_LOOP_ANALYSIS = YES;
				CLANG_WARN_STRICT_PROTOTYPES = YES;
				CLANG_WARN_SUSPICIOUS_MOVE = YES;
				CLANG_WARN_UNGUARDED_AVAILABILITY = YES_AGGRESSIVE;
				CLANG_WARN_UNREACHABLE_CODE = YES;
				CLANG_WARN__DUPLICATE_METHOD_MATCH = YES;
				COPY_PHASE_STRIP = NO;
				DEBUG_INFORMATION_FORMAT = "dwarf-with-dsym";
				ENABLE_NS_ASSERTIONS = NO;
				ENABLE_STRICT_OBJC_MSGSEND = YES;
				ENABLE_USER_SCRIPT_SANDBOXING = YES;
				GCC_C_LANGUAGE_STANDARD = gnu17;
				GCC_NO_COMMON_BLOCKS = YES;
				GCC_WARN_64_TO_32_BIT_CONVERSION = YES;
				GCC_WARN_ABOUT_RETURN_TYPE = YES_ERROR;
				GCC_WARN_UNDECLARED_SELECTOR = YES;
				GCC_WARN_UNINITIALIZED_AUTOS = YES_AGGRESSIVE;
				GCC_WARN_UNUSED_FUNCTION = YES;
				GCC_WARN_UNUSED_VARIABLE = YES;
				IPHONEOS_DEPLOYMENT_TARGET = 17.0;
				LOCALIZATION_PREFERS_STRING_CATALOGS = YES;
				MTL_ENABLE_DEBUG_INFO = NO;
				MTL_FAST_MATH = YES;
				SDKROOT = iphoneos;
				SWIFT_COMPILATION_MODE = wholemodule;
				VALIDATE_PRODUCT = YES;
			};
			name = Release;
		};
		68B016712BAFBD5B00DE9CD4 /* Debug */ = {
			isa = XCBuildConfiguration;
			buildSettings = {
				ASSETCATALOG_COMPILER_APPICON_NAME = AppIcon;
				ASSETCATALOG_COMPILER_GLOBAL_ACCENT_COLOR_NAME = AccentColor;
				ASSETCATALOG_COMPILER_INCLUDE_ALL_APPICON_ASSETS = YES;
				CODE_SIGN_ENTITLEMENTS = HealthDietApp/HealthDietApp.entitlements;
				CODE_SIGN_STYLE = Automatic;
				CURRENT_PROJECT_VERSION = 1;
				DEVELOPMENT_ASSET_PATHS = "\"HealthDietApp/Preview Content\"";
				DEVELOPMENT_TEAM = NQ7L46JAN4;
				ENABLE_PREVIEWS = YES;
				GENERATE_INFOPLIST_FILE = YES;
				INFOPLIST_FILE = HealthDietApp/Info.plist;
				INFOPLIST_KEY_CFBundleDisplayName = SimplyDiet;
				INFOPLIST_KEY_LSApplicationCategoryType = "public.app-category.healthcare-fitness";
				INFOPLIST_KEY_UIApplicationSceneManifest_Generation = YES;
				INFOPLIST_KEY_UIApplicationSupportsIndirectInputEvents = YES;
				INFOPLIST_KEY_UILaunchScreen_Generation = YES;
				INFOPLIST_KEY_UIStatusBarStyle = "";
				INFOPLIST_KEY_UISupportedInterfaceOrientations = UIInterfaceOrientationPortrait;
				INFOPLIST_KEY_UISupportedInterfaceOrientations_iPad = "UIInterfaceOrientationLandscapeLeft UIInterfaceOrientationLandscapeRight UIInterfaceOrientationPortrait UIInterfaceOrientationPortraitUpsideDown";
				LD_RUNPATH_SEARCH_PATHS = (
					"$(inherited)",
					"@executable_path/Frameworks",
				);
				MARKETING_VERSION = 0.1;
				PRODUCT_BUNDLE_IDENTIFIER = me.HealthDietApp;
				PRODUCT_NAME = "$(TARGET_NAME)";
				SWIFT_EMIT_LOC_STRINGS = YES;
				SWIFT_VERSION = 5.0;
				TARGETED_DEVICE_FAMILY = "1,2";
			};
			name = Debug;
		};
		68B016722BAFBD5B00DE9CD4 /* Release */ = {
			isa = XCBuildConfiguration;
			buildSettings = {
				ASSETCATALOG_COMPILER_APPICON_NAME = AppIcon;
				ASSETCATALOG_COMPILER_GLOBAL_ACCENT_COLOR_NAME = AccentColor;
				ASSETCATALOG_COMPILER_INCLUDE_ALL_APPICON_ASSETS = YES;
				CODE_SIGN_ENTITLEMENTS = HealthDietApp/HealthDietApp.entitlements;
				CODE_SIGN_STYLE = Automatic;
				CURRENT_PROJECT_VERSION = 1;
				DEVELOPMENT_ASSET_PATHS = "\"HealthDietApp/Preview Content\"";
				DEVELOPMENT_TEAM = NQ7L46JAN4;
				ENABLE_PREVIEWS = YES;
				GENERATE_INFOPLIST_FILE = YES;
				INFOPLIST_FILE = HealthDietApp/Info.plist;
				INFOPLIST_KEY_CFBundleDisplayName = SimplyDiet;
				INFOPLIST_KEY_LSApplicationCategoryType = "public.app-category.healthcare-fitness";
				INFOPLIST_KEY_UIApplicationSceneManifest_Generation = YES;
				INFOPLIST_KEY_UIApplicationSupportsIndirectInputEvents = YES;
				INFOPLIST_KEY_UILaunchScreen_Generation = YES;
				INFOPLIST_KEY_UIStatusBarStyle = "";
				INFOPLIST_KEY_UISupportedInterfaceOrientations = UIInterfaceOrientationPortrait;
				INFOPLIST_KEY_UISupportedInterfaceOrientations_iPad = "UIInterfaceOrientationLandscapeLeft UIInterfaceOrientationLandscapeRight UIInterfaceOrientationPortrait UIInterfaceOrientationPortraitUpsideDown";
				LD_RUNPATH_SEARCH_PATHS = (
					"$(inherited)",
					"@executable_path/Frameworks",
				);
				MARKETING_VERSION = 0.1;
				PRODUCT_BUNDLE_IDENTIFIER = me.HealthDietApp;
				PRODUCT_NAME = "$(TARGET_NAME)";
				SWIFT_EMIT_LOC_STRINGS = YES;
				SWIFT_VERSION = 5.0;
				TARGETED_DEVICE_FAMILY = "1,2";
			};
			name = Release;
		};
		68B016742BAFBD5B00DE9CD4 /* Debug */ = {
			isa = XCBuildConfiguration;
			buildSettings = {
				ALWAYS_EMBED_SWIFT_STANDARD_LIBRARIES = YES;
				BUNDLE_LOADER = "$(TEST_HOST)";
				CODE_SIGN_STYLE = Automatic;
				CURRENT_PROJECT_VERSION = 1;
				GENERATE_INFOPLIST_FILE = YES;
				IPHONEOS_DEPLOYMENT_TARGET = 17.0;
				MARKETING_VERSION = 1.0;
				PRODUCT_BUNDLE_IDENTIFIER = me.HealthDietAppTests;
				PRODUCT_NAME = "$(TARGET_NAME)";
				SWIFT_EMIT_LOC_STRINGS = NO;
				SWIFT_VERSION = 5.0;
				TARGETED_DEVICE_FAMILY = "1,2";
				TEST_HOST = "$(BUILT_PRODUCTS_DIR)/HealthDietApp.app/$(BUNDLE_EXECUTABLE_FOLDER_PATH)/HealthDietApp";
			};
			name = Debug;
		};
		68B016752BAFBD5B00DE9CD4 /* Release */ = {
			isa = XCBuildConfiguration;
			buildSettings = {
				ALWAYS_EMBED_SWIFT_STANDARD_LIBRARIES = YES;
				BUNDLE_LOADER = "$(TEST_HOST)";
				CODE_SIGN_STYLE = Automatic;
				CURRENT_PROJECT_VERSION = 1;
				GENERATE_INFOPLIST_FILE = YES;
				IPHONEOS_DEPLOYMENT_TARGET = 17.0;
				MARKETING_VERSION = 1.0;
				PRODUCT_BUNDLE_IDENTIFIER = me.HealthDietAppTests;
				PRODUCT_NAME = "$(TARGET_NAME)";
				SWIFT_EMIT_LOC_STRINGS = NO;
				SWIFT_VERSION = 5.0;
				TARGETED_DEVICE_FAMILY = "1,2";
				TEST_HOST = "$(BUILT_PRODUCTS_DIR)/HealthDietApp.app/$(BUNDLE_EXECUTABLE_FOLDER_PATH)/HealthDietApp";
			};
			name = Release;
		};
		68B016772BAFBD5B00DE9CD4 /* Debug */ = {
			isa = XCBuildConfiguration;
			buildSettings = {
				ALWAYS_EMBED_SWIFT_STANDARD_LIBRARIES = YES;
				CODE_SIGN_STYLE = Automatic;
				CURRENT_PROJECT_VERSION = 1;
				GENERATE_INFOPLIST_FILE = YES;
				MARKETING_VERSION = 1.0;
				PRODUCT_BUNDLE_IDENTIFIER = me.HealthDietAppUITests;
				PRODUCT_NAME = "$(TARGET_NAME)";
				SWIFT_EMIT_LOC_STRINGS = NO;
				SWIFT_VERSION = 5.0;
				TARGETED_DEVICE_FAMILY = "1,2";
				TEST_TARGET_NAME = HealthDietApp;
			};
			name = Debug;
		};
		68B016782BAFBD5B00DE9CD4 /* Release */ = {
			isa = XCBuildConfiguration;
			buildSettings = {
				ALWAYS_EMBED_SWIFT_STANDARD_LIBRARIES = YES;
				CODE_SIGN_STYLE = Automatic;
				CURRENT_PROJECT_VERSION = 1;
				GENERATE_INFOPLIST_FILE = YES;
				MARKETING_VERSION = 1.0;
				PRODUCT_BUNDLE_IDENTIFIER = me.HealthDietAppUITests;
				PRODUCT_NAME = "$(TARGET_NAME)";
				SWIFT_EMIT_LOC_STRINGS = NO;
				SWIFT_VERSION = 5.0;
				TARGETED_DEVICE_FAMILY = "1,2";
				TEST_TARGET_NAME = HealthDietApp;
			};
			name = Release;
		};
/* End XCBuildConfiguration section */

/* Begin XCConfigurationList section */
		68B016472BAFBD5A00DE9CD4 /* Build configuration list for PBXProject "HealthDietApp" */ = {
			isa = XCConfigurationList;
			buildConfigurations = (
				68B0166E2BAFBD5B00DE9CD4 /* Debug */,
				68B0166F2BAFBD5B00DE9CD4 /* Release */,
			);
			defaultConfigurationIsVisible = 0;
			defaultConfigurationName = Release;
		};
		68B016702BAFBD5B00DE9CD4 /* Build configuration list for PBXNativeTarget "HealthDietApp" */ = {
			isa = XCConfigurationList;
			buildConfigurations = (
				68B016712BAFBD5B00DE9CD4 /* Debug */,
				68B016722BAFBD5B00DE9CD4 /* Release */,
			);
			defaultConfigurationIsVisible = 0;
			defaultConfigurationName = Release;
		};
		68B016732BAFBD5B00DE9CD4 /* Build configuration list for PBXNativeTarget "HealthDietAppTests" */ = {
			isa = XCConfigurationList;
			buildConfigurations = (
				68B016742BAFBD5B00DE9CD4 /* Debug */,
				68B016752BAFBD5B00DE9CD4 /* Release */,
			);
			defaultConfigurationIsVisible = 0;
			defaultConfigurationName = Release;
		};
		68B016762BAFBD5B00DE9CD4 /* Build configuration list for PBXNativeTarget "HealthDietAppUITests" */ = {
			isa = XCConfigurationList;
			buildConfigurations = (
				68B016772BAFBD5B00DE9CD4 /* Debug */,
				68B016782BAFBD5B00DE9CD4 /* Release */,
			);
			defaultConfigurationIsVisible = 0;
			defaultConfigurationName = Release;
		};
/* End XCConfigurationList section */
	};
	rootObject = 68B016442BAFBD5A00DE9CD4 /* Project object */;
}
